{
  "name": "Site Acessibilidade",
  "lockfileVersion": 2,
  "requires": true,
  "packages": {
    "": {
      "dependencies": {
        "lucide": "^0.486.0"
      }
    },
    "node_modules/lucide": {
      "version": "0.486.0",
      "resolved": "https://registry.npmjs.org/lucide/-/lucide-0.486.0.tgz",
      "integrity": "sha512-3dvlZn/unTvbu7O0Ec9l+NF33qC0JnIuUmKQaY1kr5x2ItIwdEXrTA5QtoxD/126x9l8GHzSM9/g5a/skG9mUQ=="
    }
  },
  "dependencies": {
    "lucide": {
      "version": "0.486.0",
      "resolved": "https://registry.npmjs.org/lucide/-/lucide-0.486.0.tgz",
      "integrity": "sha512-3dvlZn/unTvbu7O0Ec9l+NF33qC0JnIuUmKQaY1kr5x2ItIwdEXrTA5QtoxD/126x9l8GHzSM9/g5a/skG9mUQ=="
    }
  }
}
